// !$*UTF8*$!
{
	archiveVersion = 1;
	classes = {
	};
	objectVersion = 50;
	objects = {

/* Begin PBXBuildFile section */
		FAD80FAA2130B8770057B3AC /* AppDelegate.swift in Sources */ = {isa = PBXBuildFile; fileRef = FAD80FA92130B8770057B3AC /* AppDelegate.swift */; };
		FAD80FAC2130B8770057B3AC /* ViewController.swift in Sources */ = {isa = PBXBuildFile; fileRef = FAD80FAB2130B8770057B3AC /* ViewController.swift */; };
		FAD80FAF2130B8770057B3AC /* Main.storyboard in Resources */ = {isa = PBXBuildFile; fileRef = FAD80FAD2130B8770057B3AC /* Main.storyboard */; };
		FAD80FB12130B87A0057B3AC /* Assets.xcassets in Resources */ = {isa = PBXBuildFile; fileRef = FAD80FB02130B87A0057B3AC /* Assets.xcassets */; };
		FAD80FB42130B87A0057B3AC /* LaunchScreen.storyboard in Resources */ = {isa = PBXBuildFile; fileRef = FAD80FB22130B87A0057B3AC /* LaunchScreen.storyboard */; };
		FAD80FBF2130B87A0057B3AC /* TextToSpeechTests.swift in Sources */ = {isa = PBXBuildFile; fileRef = FAD80FBE2130B87A0057B3AC /* TextToSpeechTests.swift */; };
		FAD80FCA2130B87A0057B3AC /* TextToSpeechUITests.swift in Sources */ = {isa = PBXBuildFile; fileRef = FAD80FC92130B87A0057B3AC /* TextToSpeechUITests.swift */; };
/* End PBXBuildFile section */

/* Begin PBXContainerItemProxy section */
		FAD80FBB2130B87A0057B3AC /* PBXContainerItemProxy */ = {
			isa = PBXContainerItemProxy;
			containerPortal = FAD80F9E2130B8770057B3AC /* Project object */;
			proxyType = 1;
			remoteGlobalIDString = FAD80FA52130B8770057B3AC;
			remoteInfo = TextToSpeech;
		};
		FAD80FC62130B87A0057B3AC /* PBXContainerItemProxy */ = {
			isa = PBXContainerItemProxy;
			containerPortal = FAD80F9E2130B8770057B3AC /* Project object */;
			proxyType = 1;
			remoteGlobalIDString = FAD80FA52130B8770057B3AC;
			remoteInfo = TextToSpeech;
		};
/* End PBXContainerItemProxy section */

/* Begin PBXFileReference section */
		FAD80FA62130B8770057B3AC /* TextToSpeech.app */ = {isa = PBXFileReference; explicitFileType = wrapper.application; includeInIndex = 0; path = TextToSpeech.app; sourceTree = BUILT_PRODUCTS_DIR; };
		FAD80FA92130B8770057B3AC /* AppDelegate.swift */ = {isa = PBXFileReference; lastKnownFileType = sourcecode.swift; path = AppDelegate.swift; sourceTree = "<group>"; };
		FAD80FAB2130B8770057B3AC /* ViewController.swift */ = {isa = PBXFileReference; lastKnownFileType = sourcecode.swift; path = ViewController.swift; sourceTree = "<group>"; };
		FAD80FAE2130B8770057B3AC /* Base */ = {isa = PBXFileReference; lastKnownFileType = file.storyboard; name = Base; path = Base.lproj/Main.storyboard; sourceTree = "<group>"; };
		FAD80FB02130B87A0057B3AC /* Assets.xcassets */ = {isa = PBXFileReference; lastKnownFileType = folder.assetcatalog; path = Assets.xcassets; sourceTree = "<group>"; };
		FAD80FB32130B87A0057B3AC /* Base */ = {isa = PBXFileReference; lastKnownFileType = file.storyboard; name = Base; path = Base.lproj/LaunchScreen.storyboard; sourceTree = "<group>"; };
		FAD80FB52130B87A0057B3AC /* Info.plist */ = {isa = PBXFileReference; lastKnownFileType = text.plist.xml; path = Info.plist; sourceTree = "<group>"; };
		FAD80FBA2130B87A0057B3AC /* TextToSpeechTests.xctest */ = {isa = PBXFileReference; explicitFileType = wrapper.cfbundle; includeInIndex = 0; path = TextToSpeechTests.xctest; sourceTree = BUILT_PRODUCTS_DIR; };
		FAD80FBE2130B87A0057B3AC /* TextToSpeechTests.swift */ = {isa = PBXFileReference; lastKnownFileType = sourcecode.swift; path = TextToSpeechTests.swift; sourceTree = "<group>"; };
		FAD80FC02130B87A0057B3AC /* Info.plist */ = {isa = PBXFileReference; lastKnownFileType = text.plist.xml; path = Info.plist; sourceTree = "<group>"; };
		FAD80FC52130B87A0057B3AC /* TextToSpeechUITests.xctest */ = {isa = PBXFileReference; explicitFileType = wrapper.cfbundle; includeInIndex = 0; path = TextToSpeechUITests.xctest; sourceTree = BUILT_PRODUCTS_DIR; };
		FAD80FC92130B87A0057B3AC /* TextToSpeechUITests.swift */ = {isa = PBXFileReference; lastKnownFileType = sourcecode.swift; path = TextToSpeechUITests.swift; sourceTree = "<group>"; };
		FAD80FCB2130B87A0057B3AC /* Info.plist */ = {isa = PBXFileReference; lastKnownFileType = text.plist.xml; path = Info.plist; sourceTree = "<group>"; };
/* End PBXFileReference section */

/* Begin PBXFrameworksBuildPhase section */
		FAD80FA32130B8770057B3AC /* Frameworks */ = {
			isa = PBXFrameworksBuildPhase;
			buildActionMask = 2147483647;
			files = (
			);
			runOnlyForDeploymentPostprocessing = 0;
		};
		FAD80FB72130B87A0057B3AC /* Frameworks */ = {
			isa = PBXFrameworksBuildPhase;
			buildActionMask = 2147483647;
			files = (
			);
			runOnlyForDeploymentPostprocessing = 0;
		};
		FAD80FC22130B87A0057B3AC /* Frameworks */ = {
			isa = PBXFrameworksBuildPhase;
			buildActionMask = 2147483647;
			files = (
			);
			runOnlyForDeploymentPostprocessing = 0;
		};
/* End PBXFrameworksBuildPhase section */

/* Begin PBXGroup section */
		FAD80F9D2130B8770057B3AC = {
			isa = PBXGroup;
			children = (
				FAD80FA82130B8770057B3AC /* TextToSpeech */,
				FAD80FBD2130B87A0057B3AC /* TextToSpeechTests */,
				FAD80FC82130B87A0057B3AC /* TextToSpeechUITests */,
				FAD80FA72130B8770057B3AC /* Products */,
			);
			sourceTree = "<group>";
		};
		FAD80FA72130B8770057B3AC /* Products */ = {
			isa = PBXGroup;
			children = (
				FAD80FA62130B8770057B3AC /* TextToSpeech.app */,
				FAD80FBA2130B87A0057B3AC /* TextToSpeechTests.xctest */,
				FAD80FC52130B87A0057B3AC /* TextToSpeechUITests.xctest */,
			);
			name = Products;
			sourceTree = "<group>";
		};
		FAD80FA82130B8770057B3AC /* TextToSpeech */ = {
			isa = PBXGroup;
			children = (
				FAD80FA92130B8770057B3AC /* AppDelegate.swift */,
				FAD80FAB2130B8770057B3AC /* ViewController.swift */,
				FAD80FAD2130B8770057B3AC /* Main.storyboard */,
				FAD80FB02130B87A0057B3AC /* Assets.xcassets */,
				FAD80FB22130B87A0057B3AC /* LaunchScreen.storyboard */,
				FAD80FB52130B87A0057B3AC /* Info.plist */,
			);
			path = TextToSpeech;
			sourceTree = "<group>";
		};
		FAD80FBD2130B87A0057B3AC /* TextToSpeechTests */ = {
			isa = PBXGroup;
			children = (
				FAD80FBE2130B87A0057B3AC /* TextToSpeechTests.swift */,
				FAD80FC02130B87A0057B3AC /* Info.plist */,
			);
			path = TextToSpeechTests;
			sourceTree = "<group>";
		};
		FAD80FC82130B87A0057B3AC /* TextToSpeechUITests */ = {
			isa = PBXGroup;
			children = (
				FAD80FC92130B87A0057B3AC /* TextToSpeechUITests.swift */,
				FAD80FCB2130B87A0057B3AC /* Info.plist */,
			);
			path = TextToSpeechUITests;
			sourceTree = "<group>";
		};
/* End PBXGroup section */

/* Begin PBXNativeTarget section */
		FAD80FA52130B8770057B3AC /* TextToSpeech */ = {
			isa = PBXNativeTarget;
			buildConfigurationList = FAD80FCE2130B87A0057B3AC /* Build configuration list for PBXNativeTarget "TextToSpeech" */;
			buildPhases = (
				FAD80FA22130B8770057B3AC /* Sources */,
				FAD80FA32130B8770057B3AC /* Frameworks */,
				FAD80FA42130B8770057B3AC /* Resources */,
			);
			buildRules = (
			);
			dependencies = (
			);
			name = TextToSpeech;
			productName = TextToSpeech;
			productReference = FAD80FA62130B8770057B3AC /* TextToSpeech.app */;
			productType = "com.apple.product-type.application";
		};
		FAD80FB92130B87A0057B3AC /* TextToSpeechTests */ = {
			isa = PBXNativeTarget;
			buildConfigurationList = FAD80FD12130B87A0057B3AC /* Build configuration list for PBXNativeTarget "TextToSpeechTests" */;
			buildPhases = (
				FAD80FB62130B87A0057B3AC /* Sources */,
				FAD80FB72130B87A0057B3AC /* Frameworks */,
				FAD80FB82130B87A0057B3AC /* Resources */,
			);
			buildRules = (
			);
			dependencies = (
				FAD80FBC2130B87A0057B3AC /* PBXTargetDependency */,
			);
			name = TextToSpeechTests;
			productName = TextToSpeechTests;
			productReference = FAD80FBA2130B87A0057B3AC /* TextToSpeechTests.xctest */;
			productType = "com.apple.product-type.bundle.unit-test";
		};
		FAD80FC42130B87A0057B3AC /* TextToSpeechUITests */ = {
			isa = PBXNativeTarget;
			buildConfigurationList = FAD80FD42130B87A0057B3AC /* Build configuration list for PBXNativeTarget "TextToSpeechUITests" */;
			buildPhases = (
				FAD80FC12130B87A0057B3AC /* Sources */,
				FAD80FC22130B87A0057B3AC /* Frameworks */,
				FAD80FC32130B87A0057B3AC /* Resources */,
			);
			buildRules = (
			);
			dependencies = (
				FAD80FC72130B87A0057B3AC /* PBXTargetDependency */,
			);
			name = TextToSpeechUITests;
			productName = TextToSpeechUITests;
			productReference = FAD80FC52130B87A0057B3AC /* TextToSpeechUITests.xctest */;
			productType = "com.apple.product-type.bundle.ui-testing";
		};
/* End PBXNativeTarget section */

/* Begin PBXProject section */
		FAD80F9E2130B8770057B3AC /* Project object */ = {
			isa = PBXProject;
			attributes = {
				LastSwiftUpdateCheck = 0940;
				LastUpgradeCheck = 0940;
				ORGANIZATIONNAME = "Kelly Galakatos";
				TargetAttributes = {
					FAD80FA52130B8770057B3AC = {
						CreatedOnToolsVersion = 9.4.1;
					};
					FAD80FB92130B87A0057B3AC = {
						CreatedOnToolsVersion = 9.4.1;
						TestTargetID = FAD80FA52130B8770057B3AC;
					};
					FAD80FC42130B87A0057B3AC = {
						CreatedOnToolsVersion = 9.4.1;
						TestTargetID = FAD80FA52130B8770057B3AC;
					};
				};
			};
			buildConfigurationList = FAD80FA12130B8770057B3AC /* Build configuration list for PBXProject "TextToSpeech" */;
			compatibilityVersion = "Xcode 9.3";
			developmentRegion = en;
			hasScannedForEncodings = 0;
			knownRegions = (
				en,
				Base,
			);
			mainGroup = FAD80F9D2130B8770057B3AC;
			productRefGroup = FAD80FA72130B8770057B3AC /* Products */;
			projectDirPath = "";
			projectRoot = "";
			targets = (
				FAD80FA52130B8770057B3AC /* TextToSpeech */,
				FAD80FB92130B87A0057B3AC /* TextToSpeechTests */,
				FAD80FC42130B87A0057B3AC /* TextToSpeechUITests */,
			);
		};
/* End PBXProject section */

/* Begin PBXResourcesBuildPhase section */
		FAD80FA42130B8770057B3AC /* Resources */ = {
			isa = PBXResourcesBuildPhase;
			buildActionMask = 2147483647;
			files = (
				FAD80FB42130B87A0057B3AC /* LaunchScreen.storyboard in Resources */,
				FAD80FB12130B87A0057B3AC /* Assets.xcassets in Resources */,
				FAD80FAF2130B8770057B3AC /* Main.storyboard in Resources */,
			);
			runOnlyForDeploymentPostprocessing = 0;
		};
		FAD80FB82130B87A0057B3AC /* Resources */ = {
			isa = PBXResourcesBuildPhase;
			buildActionMask = 2147483647;
			files = (
			);
			runOnlyForDeploymentPostprocessing = 0;
		};
		FAD80FC32130B87A0057B3AC /* Resources */ = {
			isa = PBXResourcesBuildPhase;
			buildActionMask = 2147483647;
			files = (
			);
			runOnlyForDeploymentPostprocessing = 0;
		};
/* End PBXResourcesBuildPhase section */

/* Begin PBXSourcesBuildPhase section */
		FAD80FA22130B8770057B3AC /* Sources */ = {
			isa = PBXSourcesBuildPhase;
			buildActionMask = 2147483647;
			files = (
				FAD80FAC2130B8770057B3AC /* ViewController.swift in Sources */,
				FAD80FAA2130B8770057B3AC /* AppDelegate.swift in Sources */,
			);
			runOnlyForDeploymentPostprocessing = 0;
		};
		FAD80FB62130B87A0057B3AC /* Sources */ = {
			isa = PBXSourcesBuildPhase;
			buildActionMask = 2147483647;
			files = (
				FAD80FBF2130B87A0057B3AC /* TextToSpeechTests.swift in Sources */,
			);
			runOnlyForDeploymentPostprocessing = 0;
		};
		FAD80FC12130B87A0057B3AC /* Sources */ = {
			isa = PBXSourcesBuildPhase;
			buildActionMask = 2147483647;
			files = (
				FAD80FCA2130B87A0057B3AC /* TextToSpeechUITests.swift in Sources */,
			);
			runOnlyForDeploymentPostprocessing = 0;
		};
/* End PBXSourcesBuildPhase section */

/* Begin PBXTargetDependency section */
		FAD80FBC2130B87A0057B3AC /* PBXTargetDependency */ = {
			isa = PBXTargetDependency;
			target = FAD80FA52130B8770057B3AC /* TextToSpeech */;
			targetProxy = FAD80FBB2130B87A0057B3AC /* PBXContainerItemProxy */;
		};
		FAD80FC72130B87A0057B3AC /* PBXTargetDependency */ = {
			isa = PBXTargetDependency;
			target = FAD80FA52130B8770057B3AC /* TextToSpeech */;
			targetProxy = FAD80FC62130B87A0057B3AC /* PBXContainerItemProxy */;
		};
/* End PBXTargetDependency section */

/* Begin PBXVariantGroup section */
		FAD80FAD2130B8770057B3AC /* Main.storyboard */ = {
			isa = PBXVariantGroup;
			children = (
				FAD80FAE2130B8770057B3AC /* Base */,
			);
			name = Main.storyboard;
			sourceTree = "<group>";
		};
		FAD80FB22130B87A0057B3AC /* LaunchScreen.storyboard */ = {
			isa = PBXVariantGroup;
			children = (
				FAD80FB32130B87A0057B3AC /* Base */,
			);
			name = LaunchScreen.storyboard;
			sourceTree = "<group>";
		};
/* End PBXVariantGroup section */

/* Begin XCBuildConfiguration section */
		FAD80FCC2130B87A0057B3AC /* Debug */ = {
			isa = XCBuildConfiguration;
			buildSettings = {
				ALWAYS_SEARCH_USER_PATHS = NO;
				CLANG_ANALYZER_NONNULL = YES;
				CLANG_ANALYZER_NUMBER_OBJECT_CONVERSION = YES_AGGRESSIVE;
				CLANG_CXX_LANGUAGE_STANDARD = "gnu++14";
				CLANG_CXX_LIBRARY = "libc++";
				CLANG_ENABLE_MODULES = YES;
				CLANG_ENABLE_OBJC_ARC = YES;
				CLANG_ENABLE_OBJC_WEAK = YES;
				CLANG_WARN_BLOCK_CAPTURE_AUTORELEASING = YES;
				CLANG_WARN_BOOL_CONVERSION = YES;
				CLANG_WARN_COMMA = YES;
				CLANG_WARN_CONSTANT_CONVERSION = YES;
				CLANG_WARN_DEPRECATED_OBJC_IMPLEMENTATIONS = YES;
				CLANG_WARN_DIRECT_OBJC_ISA_USAGE = YES_ERROR;
				CLANG_WARN_DOCUMENTATION_COMMENTS = YES;
				CLANG_WARN_EMPTY_BODY = YES;
				CLANG_WARN_ENUM_CONVERSION = YES;
				CLANG_WARN_INFINITE_RECURSION = YES;
				CLANG_WARN_INT_CONVERSION = YES;
				CLANG_WARN_NON_LITERAL_NULL_CONVERSION = YES;
				CLANG_WARN_OBJC_IMPLICIT_RETAIN_SELF = YES;
				CLANG_WARN_OBJC_LITERAL_CONVERSION = YES;
				CLANG_WARN_OBJC_ROOT_CLASS = YES_ERROR;
				CLANG_WARN_RANGE_LOOP_ANALYSIS = YES;
				CLANG_WARN_STRICT_PROTOTYPES = YES;
				CLANG_WARN_SUSPICIOUS_MOVE = YES;
				CLANG_WARN_UNGUARDED_AVAILABILITY = YES_AGGRESSIVE;
				CLANG_WARN_UNREACHABLE_CODE = YES;
				CLANG_WARN__DUPLICATE_METHOD_MATCH = YES;
				CODE_SIGN_IDENTITY = "iPhone Developer";
				COPY_PHASE_STRIP = NO;
				DEBUG_INFORMATION_FORMAT = dwarf;
				ENABLE_STRICT_OBJC_MSGSEND = YES;
				ENABLE_TESTABILITY = YES;
				GCC_C_LANGUAGE_STANDARD = gnu11;
				GCC_DYNAMIC_NO_PIC = NO;
				GCC_NO_COMMON_BLOCKS = YES;
				GCC_OPTIMIZATION_LEVEL = 0;
				GCC_PREPROCESSOR_DEFINITIONS = (
					"DEBUG=1",
					"$(inherited)",
				);
				GCC_WARN_64_TO_32_BIT_CONVERSION = YES;
				GCC_WARN_ABOUT_RETURN_TYPE = YES_ERROR;
				GCC_WARN_UNDECLARED_SELECTOR = YES;
				GCC_WARN_UNINITIALIZED_AUTOS = YES_AGGRESSIVE;
				GCC_WARN_UNUSED_FUNCTION = YES;
				GCC_WARN_UNUSED_VARIABLE = YES;
				IPHONEOS_DEPLOYMENT_TARGET = 11.4;
				MTL_ENABLE_DEBUG_INFO = YES;
				ONLY_ACTIVE_ARCH = YES;
				SDKROOT = iphoneos;
				SWIFT_ACTIVE_COMPILATION_CONDITIONS = DEBUG;
				SWIFT_OPTIMIZATION_LEVEL = "-Onone";
			};
			name = Debug;
		};
		FAD80FCD2130B87A0057B3AC /* Release */ = {
			isa = XCBuildConfiguration;
			buildSettings = {
				ALWAYS_SEARCH_USER_PATHS = NO;
				CLANG_ANALYZER_NONNULL = YES;
				CLANG_ANALYZER_NUMBER_OBJECT_CONVERSION = YES_AGGRESSIVE;
				CLANG_CXX_LANGUAGE_STANDARD = "gnu++14";
				CLANG_CXX_LIBRARY = "libc++";
				CLANG_ENABLE_MODULES = YES;
				CLANG_ENABLE_OBJC_ARC = YES;
				CLANG_ENABLE_OBJC_WEAK = YES;
				CLANG_WARN_BLOCK_CAPTURE_AUTORELEASING = YES;
				CLANG_WARN_BOOL_CONVERSION = YES;
				CLANG_WARN_COMMA = YES;
				CLANG_WARN_CONSTANT_CONVERSION = YES;
				CLANG_WARN_DEPRECATED_OBJC_IMPLEMENTATIONS = YES;
				CLANG_WARN_DIRECT_OBJC_ISA_USAGE = YES_ERROR;
				CLANG_WARN_DOCUMENTATION_COMMENTS = YES;
				CLANG_WARN_EMPTY_BODY = YES;
				CLANG_WARN_ENUM_CONVERSION = YES;
				CLANG_WARN_INFINITE_RECURSION = YES;
				CLANG_WARN_INT_CONVERSION = YES;
				CLANG_WARN_NON_LITERAL_NULL_CONVERSION = YES;
				CLANG_WARN_OBJC_IMPLICIT_RETAIN_SELF = YES;
				CLANG_WARN_OBJC_LITERAL_CONVERSION = YES;
				CLANG_WARN_OBJC_ROOT_CLASS = YES_ERROR;
				CLANG_WARN_RANGE_LOOP_ANALYSIS = YES;
				CLANG_WARN_STRICT_PROTOTYPES = YES;
				CLANG_WARN_SUSPICIOUS_MOVE = YES;
				CLANG_WARN_UNGUARDED_AVAILABILITY = YES_AGGRESSIVE;
				CLANG_WARN_UNREACHABLE_CODE = YES;
				CLANG_WARN__DUPLICATE_METHOD_MATCH = YES;
				CODE_SIGN_IDENTITY = "iPhone Developer";
				COPY_PHASE_STRIP = NO;
				DEBUG_INFORMATION_FORMAT = "dwarf-with-dsym";
				ENABLE_NS_ASSERTIONS = NO;
				ENABLE_STRICT_OBJC_MSGSEND = YES;
				GCC_C_LANGUAGE_STANDARD = gnu11;
				GCC_NO_COMMON_BLOCKS = YES;
				GCC_WARN_64_TO_32_BIT_CONVERSION = YES;
				GCC_WARN_ABOUT_RETURN_TYPE = YES_ERROR;
				GCC_WARN_UNDECLARED_SELECTOR = YES;
				GCC_WARN_UNINITIALIZED_AUTOS = YES_AGGRESSIVE;
				GCC_WARN_UNUSED_FUNCTION = YES;
				GCC_WARN_UNUSED_VARIABLE = YES;
				IPHONEOS_DEPLOYMENT_TARGET = 11.4;
				MTL_ENABLE_DEBUG_INFO = NO;
				SDKROOT = iphoneos;
				SWIFT_COMPILATION_MODE = wholemodule;
				SWIFT_OPTIMIZATION_LEVEL = "-O";
				VALIDATE_PRODUCT = YES;
			};
			name = Release;
		};
		FAD80FCF2130B87A0057B3AC /* Debug */ = {
			isa = XCBuildConfiguration;
			buildSettings = {
				ASSETCATALOG_COMPILER_APPICON_NAME = AppIcon;
				CODE_SIGN_STYLE = Automatic;
				DEVELOPMENT_TEAM = MNP43MUW9S;
				INFOPLIST_FILE = TextToSpeech/Info.plist;
				LD_RUNPATH_SEARCH_PATHS = (
					"$(inherited)",
					"@executable_path/Frameworks",
				);
				PRODUCT_BUNDLE_IDENTIFIER = kelly.galakatos.TextToSpeech;
				PRODUCT_NAME = "$(TARGET_NAME)";
				SWIFT_VERSION = 4.0;
				TARGETED_DEVICE_FAMILY = "1,2";
			};
			name = Debug;
		};
		FAD80FD02130B87A0057B3AC /* Release */ = {
			isa = XCBuildConfiguration;
			buildSettings = {
				ASSETCATALOG_COMPILER_APPICON_NAME = AppIcon;
				CODE_SIGN_STYLE = Automatic;
				DEVELOPMENT_TEAM = MNP43MUW9S;
				INFOPLIST_FILE = TextToSpeech/Info.plist;
				LD_RUNPATH_SEARCH_PATHS = (
					"$(inherited)",
					"@executable_path/Frameworks",
				);
				PRODUCT_BUNDLE_IDENTIFIER = kelly.galakatos.TextToSpeech;
				PRODUCT_NAME = "$(TARGET_NAME)";
				SWIFT_VERSION = 4.0;
				TARGETED_DEVICE_FAMILY = "1,2";
			};
			name = Release;
		};
		FAD80FD22130B87A0057B3AC /* Debug */ = {
			isa = XCBuildConfiguration;
			buildSettings = {
				ALWAYS_EMBED_SWIFT_STANDARD_LIBRARIES = YES;
				BUNDLE_LOADER = "$(TEST_HOST)";
				CODE_SIGN_STYLE = Automatic;
				DEVELOPMENT_TEAM = MNP43MUW9S;
				INFOPLIST_FILE = TextToSpeechTests/Info.plist;
				LD_RUNPATH_SEARCH_PATHS = (
					"$(inherited)",
					"@executable_path/Frameworks",
					"@loader_path/Frameworks",
				);
				PRODUCT_BUNDLE_IDENTIFIER = kelly.galakatos.TextToSpeechTests;
				PRODUCT_NAME = "$(TARGET_NAME)";
				SWIFT_VERSION = 4.0;
				TARGETED_DEVICE_FAMILY = "1,2";
				TEST_HOST = "$(BUILT_PRODUCTS_DIR)/TextToSpeech.app/TextToSpeech";
			};
			name = Debug;
		};
		FAD80FD32130B87A0057B3AC /* Release */ = {
			isa = XCBuildConfiguration;
			buildSettings = {
				ALWAYS_EMBED_SWIFT_STANDARD_LIBRARIES = YES;
				BUNDLE_LOADER = "$(TEST_HOST)";
				CODE_SIGN_STYLE = Automatic;
				DEVELOPMENT_TEAM = MNP43MUW9S;
				INFOPLIST_FILE = TextToSpeechTests/Info.plist;
				LD_RUNPATH_SEARCH_PATHS = (
					"$(inherited)",
					"@executable_path/Frameworks",
					"@loader_path/Frameworks",
				);
				PRODUCT_BUNDLE_IDENTIFIER = kelly.galakatos.TextToSpeechTests;
				PRODUCT_NAME = "$(TARGET_NAME)";
				SWIFT_VERSION = 4.0;
				TARGETED_DEVICE_FAMILY = "1,2";
				TEST_HOST = "$(BUILT_PRODUCTS_DIR)/TextToSpeech.app/TextToSpeech";
			};
			name = Release;
		};
		FAD80FD52130B87A0057B3AC /* Debug */ = {
			isa = XCBuildConfiguration;
			buildSettings = {
				ALWAYS_EMBED_SWIFT_STANDARD_LIBRARIES = YES;
				CODE_SIGN_STYLE = Automatic;
				DEVELOPMENT_TEAM = MNP43MUW9S;
				INFOPLIST_FILE = TextToSpeechUITests/Info.plist;
				LD_RUNPATH_SEARCH_PATHS = (
					"$(inherited)",
					"@executable_path/Frameworks",
					"@loader_path/Frameworks",
				);
				PRODUCT_BUNDLE_IDENTIFIER = kelly.galakatos.TextToSpeechUITests;
				PRODUCT_NAME = "$(TARGET_NAME)";
				SWIFT_VERSION = 4.0;
				TARGETED_DEVICE_FAMILY = "1,2";
				TEST_TARGET_NAME = TextToSpeech;
			};
			name = Debug;
		};
		FAD80FD62130B87A0057B3AC /* Release */ = {
			isa = XCBuildConfiguration;
			buildSettings = {
				ALWAYS_EMBED_SWIFT_STANDARD_LIBRARIES = YES;
				CODE_SIGN_STYLE = Automatic;
				DEVELOPMENT_TEAM = MNP43MUW9S;
				INFOPLIST_FILE = TextToSpeechUITests/Info.plist;
				LD_RUNPATH_SEARCH_PATHS = (
					"$(inherited)",
					"@executable_path/Frameworks",
					"@loader_path/Frameworks",
				);
				PRODUCT_BUNDLE_IDENTIFIER = kelly.galakatos.TextToSpeechUITests;
				PRODUCT_NAME = "$(TARGET_NAME)";
				SWIFT_VERSION = 4.0;
				TARGETED_DEVICE_FAMILY = "1,2";
				TEST_TARGET_NAME = TextToSpeech;
			};
			name = Release;
		};
/* End XCBuildConfiguration section */

/* Begin XCConfigurationList section */
		FAD80FA12130B8770057B3AC /* Build configuration list for PBXProject "TextToSpeech" */ = {
			isa = XCConfigurationList;
			buildConfigurations = (
				FAD80FCC2130B87A0057B3AC /* Debug */,
				FAD80FCD2130B87A0057B3AC /* Release */,
			);
			defaultConfigurationIsVisible = 0;
			defaultConfigurationName = Release;
		};
		FAD80FCE2130B87A0057B3AC /* Build configuration list for PBXNativeTarget "TextToSpeech" */ = {
			isa = XCConfigurationList;
			buildConfigurations = (
				FAD80FCF2130B87A0057B3AC /* Debug */,
				FAD80FD02130B87A0057B3AC /* Release */,
			);
			defaultConfigurationIsVisible = 0;
			defaultConfigurationName = Release;
		};
		FAD80FD12130B87A0057B3AC /* Build configuration list for PBXNativeTarget "TextToSpeechTests" */ = {
			isa = XCConfigurationList;
			buildConfigurations = (
				FAD80FD22130B87A0057B3AC /* Debug */,
				FAD80FD32130B87A0057B3AC /* Release */,
			);
			defaultConfigurationIsVisible = 0;
			defaultConfigurationName = Release;
		};
		FAD80FD42130B87A0057B3AC /* Build configuration list for PBXNativeTarget "TextToSpeechUITests" */ = {
			isa = XCConfigurationList;
			buildConfigurations = (
				FAD80FD52130B87A0057B3AC /* Debug */,
				FAD80FD62130B87A0057B3AC /* Release */,
			);
			defaultConfigurationIsVisible = 0;
			defaultConfigurationName = Release;
		};
/* End XCConfigurationList section */
	};
	rootObject = FAD80F9E2130B8770057B3AC /* Project object */;
}
